# This file is generated by running "yarn install" inside your project.
# Manual changes might be lost - proceed with caution!

__metadata:
  version: 5
  cacheKey: 8

"@algolia/cache-browser-local-storage@npm:4.11.0":
  version: 4.11.0
  resolution: "@algolia/cache-browser-local-storage@npm:4.11.0"
  dependencies:
    "@algolia/cache-common": 4.11.0
  checksum: bf06711107209b2ea7824bab80c4df60ffaf82af1a9648b417b123dea7588c9e348d1eded194dfbc693fbeaf9d3c51b78ea0300804f1383994711e58dce6b829
  languageName: node
  linkType: hard

"@algolia/cache-common@npm:4.11.0":
  version: 4.11.0
  resolution: "@algolia/cache-common@npm:4.11.0"
  checksum: d69a0f4e1b3baeebd0cea77568ac4911f2053536be14ca7676e8c4b9d4022f9122f78ba2f24405e308af45eff8a9a1e1c17b53079bfddc5131dd94f4d6bd3064
  languageName: node
  linkType: hard

"@algolia/cache-in-memory@npm:4.11.0":
  version: 4.11.0
  resolution: "@algolia/cache-in-memory@npm:4.11.0"
  dependencies:
    "@algolia/cache-common": 4.11.0
  checksum: 59f788eb5590de26db97147c5a601b326071599a2b04dbaf0a636875dfc462aed86348b5d1405958a28a6b0d2a9145e848e1614b1f8d18cb886da61b996367b2
  languageName: node
  linkType: hard

"@algolia/client-account@npm:4.11.0":
  version: 4.11.0
  resolution: "@algolia/client-account@npm:4.11.0"
  dependencies:
    "@algolia/client-common": 4.11.0
    "@algolia/client-search": 4.11.0
    "@algolia/transporter": 4.11.0
  checksum: a35833bfedaf3d3588588c635167c6c1293b91597940d4ef897ca83203da3b9bf33990165b4bf486f663356799277076a5f31364e97397e93c666898a0985842
  languageName: node
  linkType: hard

"@algolia/client-analytics@npm:4.11.0":
  version: 4.11.0
  resolution: "@algolia/client-analytics@npm:4.11.0"
  dependencies:
    "@algolia/client-common": 4.11.0
    "@algolia/client-search": 4.11.0
    "@algolia/requester-common": 4.11.0
    "@algolia/transporter": 4.11.0
  checksum: d85ccf8f51061df30336e71a85bb197e0469a5688b89ae29b28314b7af95bc6f7b7fb890895ff79d4b6a610b5bed2ce655826f893359b6e6d2056994fff017a0
  languageName: node
  linkType: hard

"@algolia/client-common@npm:4.11.0":
  version: 4.11.0
  resolution: "@algolia/client-common@npm:4.11.0"
  dependencies:
    "@algolia/requester-common": 4.11.0
    "@algolia/transporter": 4.11.0
  checksum: 791fda2cc2c8d86012b72c5e1d22bdd7a89f37a497f176e875105b55297112ac41f735e53b1980aac35b13d908b791d4de7c017a5b74e73358c46b9f728f03b3
  languageName: node
  linkType: hard

"@algolia/client-personalization@npm:4.11.0":
  version: 4.11.0
  resolution: "@algolia/client-personalization@npm:4.11.0"
  dependencies:
    "@algolia/client-common": 4.11.0
    "@algolia/requester-common": 4.11.0
    "@algolia/transporter": 4.11.0
  checksum: fd9230b375f2e4635f6f5c18fd1272ab0dd83267bd644431501544679e677b9b98dfd4e42e9a735ba961f25468741f90ae8eb8a7a4458c17bff057d704e7d06c
  languageName: node
  linkType: hard

"@algolia/client-search@npm:4.11.0, @algolia/client-search@npm:^4.11.0":
  version: 4.11.0
  resolution: "@algolia/client-search@npm:4.11.0"
  dependencies:
    "@algolia/client-common": 4.11.0
    "@algolia/requester-common": 4.11.0
    "@algolia/transporter": 4.11.0
  checksum: 3e6c518a43ba9f327a338d428ba709bb78100faf107888f4500743f802e7ad384f1e7b8647f6d68e4bcca389ffb19e7f29b0d0d8af15a45df7b0eaa21da3740c
  languageName: node
  linkType: hard

"@algolia/logger-common@npm:4.11.0":
  version: 4.11.0
  resolution: "@algolia/logger-common@npm:4.11.0"
  checksum: 1b081abbf80e36bb4e43e4b30a09e31443a1b79f71096226a647f5fa2e653876f0f4215951435c7151a63b6a0537e69cfc158f573583128b2bbf148452055f8e
  languageName: node
  linkType: hard

"@algolia/logger-console@npm:4.11.0":
  version: 4.11.0
  resolution: "@algolia/logger-console@npm:4.11.0"
  dependencies:
    "@algolia/logger-common": 4.11.0
  checksum: 974a65e5b98c999840fbc2313d62f5ca1b466960f5641e4d407c406359d214b557a4ca619dc49247ee1fe7b23de1d32bc181048c6c7f3ee9a4fe36ceeee91932
  languageName: node
  linkType: hard

"@algolia/requester-browser-xhr@npm:4.11.0":
  version: 4.11.0
  resolution: "@algolia/requester-browser-xhr@npm:4.11.0"
  dependencies:
    "@algolia/requester-common": 4.11.0
  checksum: 8e0f0a848a5df4a41415a74955c14dd9f42d8e8e1da7f5db05efbeec4f9b7e7cca1ce638624a80eed985c8cfdf59a13933821e7efc2b5b363dde5a77008370e1
  languageName: node
  linkType: hard

"@algolia/requester-common@npm:4.11.0":
  version: 4.11.0
  resolution: "@algolia/requester-common@npm:4.11.0"
  checksum: d503d488c582cc126cb35076a28671aba7fcb8658f5a69995f1fd2f22bb4cc1b63de6e255791306c142877503830ab17fd7cacde6e9430c8b0b1da2e5f32ed38
  languageName: node
  linkType: hard

"@algolia/requester-node-http@npm:4.11.0":
  version: 4.11.0
  resolution: "@algolia/requester-node-http@npm:4.11.0"
  dependencies:
    "@algolia/requester-common": 4.11.0
  checksum: 148a2053aab568fcc8f1df2478afad20cc9a7a326a1c17ee437058a35b4904a3a606fd9b12ff22a1b6b9086350b1437f6edbb7ed9e7995f4bbaf2470263ea002
  languageName: node
  linkType: hard

"@algolia/transporter@npm:4.11.0":
  version: 4.11.0
  resolution: "@algolia/transporter@npm:4.11.0"
  dependencies:
    "@algolia/cache-common": 4.11.0
    "@algolia/logger-common": 4.11.0
    "@algolia/requester-common": 4.11.0
  checksum: 650eee6c5ac7792baf7b10b63afd006ca51e62b6827a0b09b5b45d2b7af9dcf5d68dd9cdb2ffec25febe3a9e5549df0460a32f775b8efa24162b01df2b16e884
  languageName: node
  linkType: hard

"@babel/runtime@npm:^7.1.2":
  version: 7.15.4
  resolution: "@babel/runtime@npm:7.15.4"
  dependencies:
    regenerator-runtime: ^0.13.4
  checksum: c40825430400e47c19b97e4142d5315d2910305b9714d44a711472587ee2fd4521fdba5f02ddd9df3902f5e988d9854fa83f4da1e0c091f70f6983fa52480606
  languageName: node
  linkType: hard

"algolia-test@workspace:.":
  version: 0.0.0-use.local
  resolution: "algolia-test@workspace:."
  dependencies:
    "@algolia/client-search": ^4.11.0
    algoliasearch: ^4.11.0
    react-instantsearch-core: ^6.14.0
    react-instantsearch-dom: ^6.14.0
  languageName: unknown
  linkType: soft

"algoliasearch-helper@npm:^3.6.2":
  version: 3.6.2
  resolution: "algoliasearch-helper@npm:3.6.2"
  dependencies:
    events: ^1.1.1
  peerDependencies:
    algoliasearch: ">= 3.1 < 5"
  checksum: 020917bc9ecf224e2fd5fe2511ed1d4a30a1b37ac9b602191f328c7217ba9c529ddb9780b8bdc9a2393c43a462face8c21dc09f04fee555e578daecfcf84ae68
  languageName: node
  linkType: hard

"algoliasearch@npm:^4.11.0":
  version: 4.11.0
  resolution: "algoliasearch@npm:4.11.0"
  dependencies:
    "@algolia/cache-browser-local-storage": 4.11.0
    "@algolia/cache-common": 4.11.0
    "@algolia/cache-in-memory": 4.11.0
    "@algolia/client-account": 4.11.0
    "@algolia/client-analytics": 4.11.0
    "@algolia/client-common": 4.11.0
    "@algolia/client-personalization": 4.11.0
    "@algolia/client-search": 4.11.0
    "@algolia/logger-common": 4.11.0
    "@algolia/logger-console": 4.11.0
    "@algolia/requester-browser-xhr": 4.11.0
    "@algolia/requester-common": 4.11.0
    "@algolia/requester-node-http": 4.11.0
    "@algolia/transporter": 4.11.0
  checksum: 016f5812fcd892df962ebc4b3788443352618ea882698a15c5f0c3c6f4bb72c50754156cb960e21fa8dcfe7234f96cb4d07605b3ea930a59de9b683f16fe33bc
  languageName: node
  linkType: hard

"classnames@npm:^2.2.5":
  version: 2.3.1
  resolution: "classnames@npm:2.3.1"
  checksum: 14db8889d56c267a591f08b0834989fe542d47fac659af5a539e110cc4266694e8de86e4e3bbd271157dbd831361310a8293e0167141e80b0f03a0f175c80960
  languageName: node
  linkType: hard

"events@npm:^1.1.1":
  version: 1.1.1
  resolution: "events@npm:1.1.1"
  checksum: 40431eb005cc4c57861b93d44c2981a49e7feb99df84cf551baed299ceea4444edf7744733f6a6667e942af687359b1f4a87ec1ec4f21d5127dac48a782039b9
  languageName: node
  linkType: hard

"js-tokens@npm:^3.0.0 || ^4.0.0":
  version: 4.0.0
  resolution: "js-tokens@npm:4.0.0"
  checksum: 8a95213a5a77deb6cbe94d86340e8d9ace2b93bc367790b260101d2f36a2eaf4e4e22d9fa9cf459b38af3a32fb4190e638024cf82ec95ef708680e405ea7cc78
  languageName: node
  linkType: hard

"loose-envify@npm:^1.4.0":
  version: 1.4.0
  resolution: "loose-envify@npm:1.4.0"
  dependencies:
    js-tokens: ^3.0.0 || ^4.0.0
  bin:
    loose-envify: cli.js
  checksum: 6517e24e0cad87ec9888f500c5b5947032cdfe6ef65e1c1936a0c48a524b81e65542c9c3edc91c97d5bddc806ee2a985dbc79be89215d613b1de5db6d1cfe6f4
  languageName: node
  linkType: hard

"object-assign@npm:^4.1.1":
  version: 4.1.1
  resolution: "object-assign@npm:4.1.1"
  checksum: fcc6e4ea8c7fe48abfbb552578b1c53e0d194086e2e6bbbf59e0a536381a292f39943c6e9628af05b5528aa5e3318bb30d6b2e53cadaf5b8fe9e12c4b69af23f
  languageName: node
  linkType: hard

"prop-types@npm:^15.6.2":
  version: 15.7.2
  resolution: "prop-types@npm:15.7.2"
  dependencies:
    loose-envify: ^1.4.0
    object-assign: ^4.1.1
    react-is: ^16.8.1
  checksum: 5eef82fdda64252c7e75aa5c8cc28a24bbdece0f540adb60ce67c205cf978a5bd56b83e4f269f91c6e4dcfd80b36f2a2dec24d362e278913db2086ca9c6f9430
  languageName: node
  linkType: hard

"react-fast-compare@npm:^3.0.0":
  version: 3.2.0
  resolution: "react-fast-compare@npm:3.2.0"
  checksum: 8ef272c825ae329f61633ce4ce7f15aa5b84e5214d88bc0823880236e03e985a13195befa2c7a4eda7db3b017dc7985729152d88445823f652403cf36c2b86aa
  languageName: node
  linkType: hard

"react-instantsearch-core@npm:^6.14.0":
  version: 6.14.0
  resolution: "react-instantsearch-core@npm:6.14.0"
  dependencies:
    "@babel/runtime": ^7.1.2
    algoliasearch-helper: ^3.6.2
    prop-types: ^15.6.2
    react-fast-compare: ^3.0.0
  peerDependencies:
    algoliasearch: ">= 3.1 < 5"
    react: ">= 16.3.0 < 18"
  checksum: e9706faa616c6c2aa953b3a6dac03a16b9fb0770ddae0f19112e4262889da8b4b65348708e5615686c331b0081c38ade88e7303d6ce60aa3bc197c69988ddf6a
  languageName: node
  linkType: hard

"react-instantsearch-dom@npm:^6.14.0":
  version: 6.14.0
  resolution: "react-instantsearch-dom@npm:6.14.0"
  dependencies:
    "@babel/runtime": ^7.1.2
    algoliasearch-helper: ^3.6.2
    classnames: ^2.2.5
    prop-types: ^15.6.2
    react-fast-compare: ^3.0.0
    react-instantsearch-core: ^6.14.0
  peerDependencies:
    react: ">= 16.3.0 < 18"
    react-dom: ">= 16.3.0 < 18"
  checksum: ba614b352c50bcd1eae165309cdc73567cac7678457b2bbc9ffb8146756c55e96e94b0002d70e59aa6e2ee65afd6d0b26051cfd35821819717c16b3168563a9d
  languageName: node
  linkType: hard

"react-is@npm:^16.8.1":
  version: 16.13.1
  resolution: "react-is@npm:16.13.1"
  checksum: f7a19ac3496de32ca9ae12aa030f00f14a3d45374f1ceca0af707c831b2a6098ef0d6bdae51bd437b0a306d7f01d4677fcc8de7c0d331eb47ad0f46130e53c5f
  languageName: node
  linkType: hard

"regenerator-runtime@npm:^0.13.4":
  version: 0.13.9
  resolution: "regenerator-runtime@npm:0.13.9"
  checksum: 65ed455fe5afd799e2897baf691ca21c2772e1a969d19bb0c4695757c2d96249eb74ee3553ea34a91062b2a676beedf630b4c1551cc6299afb937be1426ec55e
  languageName: node
  linkType: hard
